{
  "name": "shaderbar",
  "version": "1.0.0",
  "lockfileVersion": 3,
  "requires": true,
  "packages": {
    "": {
      "name": "shaderbar",
      "version": "1.0.0",
      "license": "MIT",
      "dependencies": {
        "png.js": "^0.2.1"
      }
    },
    "node_modules/png.js": {
      "version": "0.2.1",
      "resolved": "https://registry.npmjs.org/png.js/-/png.js-0.2.1.tgz",
      "integrity": "sha512-EXQ+wk98iL3KuuPY6bUcfPeM1CZCK8/exKoTxY4H6EjU2hMYtV5ofx7gxmjL1mnJpcvexXexKuC3c5U7f7KVFg=="
    }
  }
}
